{
  "name": "sqlite3-simple",
  "version": "1.0.0",
  "lockfileVersion": 1,
  "requires": true,
  "dependencies": {
    "sqlite3-bin": {
      "version": "git+https://github.com/hisp-vn/sqlite3-bin.git#60c588a35c266c5d3663dc633f17c4d26d43b236",
      "from": "git+https://github.com/hisp-vn/sqlite3-bin.git"
    }
  }
}
